
Microsoft Visual Studio Solution File, Format Version 12.00
# Visual Studio Version 17
VisualStudioVersion = 17.13.35919.96 d17.13
MinimumVisualStudioVersion = 10.0.40219.1
Project("{FAE04EC0-301F-11D3-BF4B-00C04F79EFBC}") = "Taxpayer.Console", "Taxpayer.Console\Taxpayer.Console.csproj", "{326A9808-F38A-4C7C-93CC-614CCE858299}"
EndProject
Global
	GlobalSection(SolutionConfigurationPlatforms) = preSolution
		Debug|Any CPU = Debug|Any CPU
		Release|Any CPU = Release|Any CPU
	EndGlobalSection
	GlobalSection(ProjectConfigurationPlatforms) = postSolution
		{326A9808-F38A-4C7C-93CC-614CCE858299}.Debug|Any CPU.ActiveCfg = Debug|Any CPU
		{326A9808-F38A-4C7C-93CC-614CCE858299}.Debug|Any CPU.Build.0 = Debug|Any CPU
		{326A9808-F38A-4C7C-93CC-614CCE858299}.Release|Any CPU.ActiveCfg = Release|Any CPU
		{326A9808-F38A-4C7C-93CC-614CCE858299}.Release|Any CPU.Build.0 = Release|Any CPU
	EndGlobalSection
	GlobalSection(SolutionProperties) = preSolution
		HideSolutionNode = FALSE
	EndGlobalSection
	GlobalSection(ExtensibilityGlobals) = postSolution
		SolutionGuid = {24D0DC9A-1133-4B26-9A1B-236BBB27A186}
	EndGlobalSection
EndGlobal
